
Microsoft Visual Studio Solution File, Format Version 12.00
# Visual Studio Version 17
VisualStudioVersion = 17.8.34330.188
MinimumVisualStudioVersion = 10.0.40219.1
Project("{9A19103F-16F7-4668-BE54-9A1E7A4F7556}") = "ExamLastEvidence", "ExamLastEvidence\ExamLastEvidence.csproj", "{A810192B-E315-46BB-B9C1-C3BECE8A68C2}"
EndProject
Global
	GlobalSection(SolutionConfigurationPlatforms) = preSolution
		Debug|Any CPU = Debug|Any CPU
		Release|Any CPU = Release|Any CPU
	EndGlobalSection
	GlobalSection(ProjectConfigurationPlatforms) = postSolution
		{A810192B-E315-46BB-B9C1-C3BECE8A68C2}.Debug|Any CPU.ActiveCfg = Debug|Any CPU
		{A810192B-E315-46BB-B9C1-C3BECE8A68C2}.Debug|Any CPU.Build.0 = Debug|Any CPU
		{A810192B-E315-46BB-B9C1-C3BECE8A68C2}.Debug|Any CPU.Deploy.0 = Debug|Any CPU
		{A810192B-E315-46BB-B9C1-C3BECE8A68C2}.Release|Any CPU.ActiveCfg = Release|Any CPU
		{A810192B-E315-46BB-B9C1-C3BECE8A68C2}.Release|Any CPU.Build.0 = Release|Any CPU
		{A810192B-E315-46BB-B9C1-C3BECE8A68C2}.Release|Any CPU.Deploy.0 = Release|Any CPU
	EndGlobalSection
	GlobalSection(SolutionProperties) = preSolution
		HideSolutionNode = FALSE
	EndGlobalSection
	GlobalSection(ExtensibilityGlobals) = postSolution
		SolutionGuid = {29EE5D33-8B92-4BD2-A4A9-9EB4B9ACE7C9}
	EndGlobalSection
EndGlobal
